
Microsoft Visual Studio Solution File, Format Version 12.00
# Visual Studio Version 17
VisualStudioVersion = 17.7.34031.279
MinimumVisualStudioVersion = 10.0.40219.1
Project("{FAE04EC0-301F-11D3-BF4B-00C04F79EFBC}") = "AdminPanel", "AdminPanel\AdminPanel.csproj", "{A6E98227-A086-4A32-B508-14D1B472E85B}"
EndProject
Global
	GlobalSection(SolutionConfigurationPlatforms) = preSolution
		Debug|Any CPU = Debug|Any CPU
		Release|Any CPU = Release|Any CPU
	EndGlobalSection
	GlobalSection(ProjectConfigurationPlatforms) = postSolution
		{A6E98227-A086-4A32-B508-14D1B472E85B}.Debug|Any CPU.ActiveCfg = Debug|Any CPU
		{A6E98227-A086-4A32-B508-14D1B472E85B}.Debug|Any CPU.Build.0 = Debug|Any CPU
		{A6E98227-A086-4A32-B508-14D1B472E85B}.Release|Any CPU.ActiveCfg = Release|Any CPU
		{A6E98227-A086-4A32-B508-14D1B472E85B}.Release|Any CPU.Build.0 = Release|Any CPU
	EndGlobalSection
	GlobalSection(SolutionProperties) = preSolution
		HideSolutionNode = FALSE
	EndGlobalSection
	GlobalSection(ExtensibilityGlobals) = postSolution
		SolutionGuid = {A55598FF-A3A8-4B7D-B3B0-3748660357BA}
	EndGlobalSection
EndGlobal
